<?xml version="1.0" encoding="utf-8"?>
<Project ToolsVersion="4.0" xmlns="http://schemas.microsoft.com/developer/msbuild/2003">
  <ItemGroup>
    <Filter Include="源文件">
      <UniqueIdentifier>{4FC737F1-C7A5-4376-A066-2A32D752A2FF}</UniqueIdentifier>
      <Extensions>cpp;c;cc;cxx;c++;cppm;ixx;def;odl;idl;hpj;bat;asm;asmx</Extensions>
    </Filter>
    <Filter Include="头文件">
      <UniqueIdentifier>{93995380-89BD-4b04-88EB-625FBE52EBFB}</UniqueIdentifier>
      <Extensions>h;hh;hpp;hxx;h++;hm;inl;inc;ipp;xsd</Extensions>
    </Filter>
    <Filter Include="资源文件">
      <UniqueIdentifier>{67DA6AB6-F800-4c08-8B7A-83BB121AAD01}</UniqueIdentifier>
      <Extensions>rc;ico;cur;bmp;dlg;rc2;rct;bin;rgs;gif;jpg;jpeg;jpe;resx;tiff;tif;png;wav;mfcribbon-ms</Extensions>
    </Filter>
  </ItemGroup>
  <ItemGroup>
    <ClCompile Include="src\test.cpp">
      <Filter>源文件</Filter>
    </ClCompile>
    <ClCompile Include="src\RenderCore\Renderer.cpp">
      <Filter>源文件</Filter>
    </ClCompile>
    <ClCompile Include="src\RenderCore\VertexBuffer.cpp">
      <Filter>源文件</Filter>
    </ClCompile>
    <ClCompile Include="src\RenderCore\IndexBuffer.cpp">
      <Filter>源文件</Filter>
    </ClCompile>
    <ClCompile Include="src\RenderCore\Shader.cpp">
      <Filter>源文件</Filter>
    </ClCompile>
    <ClCompile Include="src\RenderCore\VertexArray.cpp">
      <Filter>源文件</Filter>
    </ClCompile>
    <ClCompile Include="src\RenderCore\Texture.cpp">
      <Filter>源文件</Filter>
    </ClCompile>
    <ClCompile Include="src\Scene\Camera.cpp">
      <Filter>源文件</Filter>
    </ClCompile>
    <ClCompile Include="src\Scene\Controller.cpp">
      <Filter>源文件</Filter>
    </ClCompile>
    <ClCompile Include="src\Scene\SimpleObject\3D\Sphere.cpp">
      <Filter>源文件</Filter>
    </ClCompile>
    <ClCompile Include="src\Scene\SimpleObject\3D\Cube.cpp">
      <Filter>源文件</Filter>
    </ClCompile>
    <ClCompile Include="src\RenderCore\TextureCache.cpp">
      <Filter>源文件</Filter>
    </ClCompile>
    <ClCompile Include="src\Scene\Mesh.cpp">
      <Filter>源文件</Filter>
    </ClCompile>
    <ClCompile Include="src\Scene\Model.cpp">
      <Filter>源文件</Filter>
    </ClCompile>
    <ClCompile Include="src\Scene\SkyBox.cpp">
      <Filter>源文件</Filter>
    </ClCompile>
    <ClCompile Include="src\Scene\Light.cpp">
      <Filter>源文件</Filter>
    </ClCompile>
    <ClCompile Include="src\Scene\SimpleObject\3D\Box.cpp">
      <Filter>源文件</Filter>
    </ClCompile>
    <ClCompile Include="src\Scene\Material.h">
      <Filter>源文件</Filter>
    </ClCompile>
    <ClCompile Include="src\Scene\ModelInstances.cpp">
      <Filter>源文件</Filter>
    </ClCompile>
    <ClCompile Include="src\Scene\ShadowMap.cpp">
      <Filter>源文件</Filter>
    </ClCompile>
    <ClCompile Include="src\RenderCore\VertexBufferLayout.cpp">
      <Filter>源文件</Filter>
    </ClCompile>
    <ClCompile Include="src\utils.cpp">
      <Filter>源文件</Filter>
    </ClCompile>
    <ClCompile Include="src\Scene\Particles.cpp">
      <Filter>源文件</Filter>
    </ClCompile>
  </ItemGroup>
  <ItemGroup>
    <ClInclude Include="src\RenderCore\Renderer.h">
      <Filter>头文件</Filter>
    </ClInclude>
    <ClInclude Include="src\RenderCore\VertexBuffer.h">
      <Filter>头文件</Filter>
    </ClInclude>
    <ClInclude Include="src\RenderCore\IndexBuffer.h">
      <Filter>头文件</Filter>
    </ClInclude>
    <ClInclude Include="src\RenderCore\Shader.h">
      <Filter>头文件</Filter>
    </ClInclude>
    <ClInclude Include="src\RenderCore\VertexArray.h">
      <Filter>头文件</Filter>
    </ClInclude>
    <ClInclude Include="src\RenderCore\VertexBufferLayout.h">
      <Filter>头文件</Filter>
    </ClInclude>
    <ClInclude Include="src\RenderCore\Texture.h">
      <Filter>头文件</Filter>
    </ClInclude>
    <ClInclude Include="src\Scene\Camera.h">
      <Filter>头文件</Filter>
    </ClInclude>
    <ClInclude Include="src\Scene\Controller.h">
      <Filter>头文件</Filter>
    </ClInclude>
    <ClInclude Include="src\Scene\ControlledObject.h">
      <Filter>头文件</Filter>
    </ClInclude>
    <ClInclude Include="src\Global.h">
      <Filter>头文件</Filter>
    </ClInclude>
    <ClInclude Include="src\Scene\Light.h">
      <Filter>头文件</Filter>
    </ClInclude>
    <ClInclude Include="src\GUI\Crosshair.h">
      <Filter>头文件</Filter>
    </ClInclude>
    <ClInclude Include="src\Scene\SimpleObject\3D\Sphere.h">
      <Filter>头文件</Filter>
    </ClInclude>
    <ClInclude Include="src\Scene\SimpleObject\3D\EntityObject3D.h">
      <Filter>头文件</Filter>
    </ClInclude>
    <ClInclude Include="src\Scene\SimpleObject\2D\EntityObject2D.h">
      <Filter>头文件</Filter>
    </ClInclude>
    <ClInclude Include="src\Scene\SimpleObject\3D\Cube.h">
      <Filter>头文件</Filter>
    </ClInclude>
    <ClInclude Include="src\RenderCore\TextureCache.h">
      <Filter>头文件</Filter>
    </ClInclude>
    <ClInclude Include="src\Scene\Mesh.h">
      <Filter>头文件</Filter>
    </ClInclude>
    <ClInclude Include="src\Scene\Model.h">
      <Filter>头文件</Filter>
    </ClInclude>
    <ClInclude Include="src\Scene\SkyBox.h">
      <Filter>头文件</Filter>
    </ClInclude>
    <ClInclude Include="src\utils.h">
      <Filter>头文件</Filter>
    </ClInclude>
    <ClInclude Include="src\Scene\SimpleObject\3D\Box.h">
      <Filter>头文件</Filter>
    </ClInclude>
    <ClInclude Include="src\Scene\Vertex.h">
      <Filter>头文件</Filter>
    </ClInclude>
    <ClInclude Include="src\Scene\SimpleObject\2D\Plane.h">
      <Filter>头文件</Filter>
    </ClInclude>
    <ClInclude Include="src\Scene\ModelInstances.h">
      <Filter>头文件</Filter>
    </ClInclude>
    <ClInclude Include="src\Scene\ShadowMap.h">
      <Filter>头文件</Filter>
    </ClInclude>
    <ClInclude Include="src\Scene\Particles.h">
      <Filter>头文件</Filter>
    </ClInclude>
  </ItemGroup>
  <ItemGroup>
    <None Include="res\Shaders\Blinn-Phong\Instancing.sdc" />
    <None Include="res\Shaders\Texture.sdc" />
    <None Include="res\Shaders\Model.sdc" />
    <None Include="res\Shaders\SkyBox.sdc" />
    <None Include="res\Shaders\Blinn-Phong\Light.sdc" />
    <None Include="res\Shaders\Blinn-Phong\Plane.sdc" />
    <None Include="res\Shaders\Blinn-Phong\Material.sdc" />
    <None Include="res\Shaders\ShadowMap.sdc" />
    <None Include="res\Shaders\Blinn-Phong\curtain_shader.sdc" />
    <None Include="res\Shaders\cherry_blossom.sdc" />
    <None Include="res\Shaders\CurtainShadowMap.sdc" />
    <None Include="res\Shaders\InstancingShadowMap.sdc" />
    <None Include="res\Shaders\DebugDepthQuad.sdc" />
  </ItemGroup>
</Project>